// !$*UTF8*$!
{
	archiveVersion = 1;
	classes = {
	};
	objectVersion = 50;
	objects = {

/* Begin PBXBuildFile section */
		0800CFFD239101B200E9891C /* Restaurant.swift in Sources */ = {isa = PBXBuildFile; fileRef = 0800CFFC239101B200E9891C /* Restaurant.swift */; };
		080DD886238E8B3A0052CD8D /* RestaurantDetailViewController.swift in Sources */ = {isa = PBXBuildFile; fileRef = 080DD885238E8B3A0052CD8D /* RestaurantDetailViewController.swift */; };
		0816C7DC23BD06B300F382C2 /* MapKit.framework in Frameworks */ = {isa = PBXBuildFile; fileRef = 0816C7DB23BD06B300F382C2 /* MapKit.framework */; };
		085433DC2398F17F00BD3506 /* Rubik-MediumItalic.ttf in Resources */ = {isa = PBXBuildFile; fileRef = 085433D22398F17F00BD3506 /* Rubik-MediumItalic.ttf */; };
		085433DD2398F17F00BD3506 /* Rubik-Bold.ttf in Resources */ = {isa = PBXBuildFile; fileRef = 085433D32398F17F00BD3506 /* Rubik-Bold.ttf */; };
		085433DE2398F17F00BD3506 /* Rubik-Light.ttf in Resources */ = {isa = PBXBuildFile; fileRef = 085433D42398F17F00BD3506 /* Rubik-Light.ttf */; };
		085433DF2398F17F00BD3506 /* Rubik-Medium.ttf in Resources */ = {isa = PBXBuildFile; fileRef = 085433D52398F17F00BD3506 /* Rubik-Medium.ttf */; };
		085433E02398F17F00BD3506 /* Rubik-Black.ttf in Resources */ = {isa = PBXBuildFile; fileRef = 085433D62398F17F00BD3506 /* Rubik-Black.ttf */; };
		085433E12398F17F00BD3506 /* Rubik-Italic.ttf in Resources */ = {isa = PBXBuildFile; fileRef = 085433D72398F17F00BD3506 /* Rubik-Italic.ttf */; };
		085433E22398F17F00BD3506 /* Rubik-LightItalic.ttf in Resources */ = {isa = PBXBuildFile; fileRef = 085433D82398F17F00BD3506 /* Rubik-LightItalic.ttf */; };
		085433E32398F17F00BD3506 /* Rubik-BlackItalic.ttf in Resources */ = {isa = PBXBuildFile; fileRef = 085433D92398F17F00BD3506 /* Rubik-BlackItalic.ttf */; };
		085433E42398F17F00BD3506 /* Rubik-Regular.ttf in Resources */ = {isa = PBXBuildFile; fileRef = 085433DA2398F17F00BD3506 /* Rubik-Regular.ttf */; };
		085433E52398F17F00BD3506 /* Rubik-BoldItalic.ttf in Resources */ = {isa = PBXBuildFile; fileRef = 085433DB2398F17F00BD3506 /* Rubik-BoldItalic.ttf */; };
		085433E923995C9500BD3506 /* RestaurantDetailHeader.swift in Sources */ = {isa = PBXBuildFile; fileRef = 085433E823995C9500BD3506 /* RestaurantDetailHeader.swift */; };
		0860592523B8DEBB009657C3 /* UIColor+Ext.swift in Sources */ = {isa = PBXBuildFile; fileRef = 0860592423B8DEBB009657C3 /* UIColor+Ext.swift */; };
		0860592723B8E58E009657C3 /* UINavigationController+Ext.swift in Sources */ = {isa = PBXBuildFile; fileRef = 0860592623B8E58E009657C3 /* UINavigationController+Ext.swift */; };
		088EA6B723BDD4C60056874B /* RestaurantDetailSeparantorCell.swift in Sources */ = {isa = PBXBuildFile; fileRef = 088EA6B623BDD4C60056874B /* RestaurantDetailSeparantorCell.swift */; };
		088EA6B923BDD7840056874B /* RestaurantDetailMapCell.swift in Sources */ = {isa = PBXBuildFile; fileRef = 088EA6B823BDD7840056874B /* RestaurantDetailMapCell.swift */; };
		088EA6BB23BF18AD0056874B /* MapViewController.swift in Sources */ = {isa = PBXBuildFile; fileRef = 088EA6BA23BF18AD0056874B /* MapViewController.swift */; };
		089DB34823ABC3A5004350C3 /* RestaurantDetailIconTextCell.swift in Sources */ = {isa = PBXBuildFile; fileRef = 089DB34723ABC3A5004350C3 /* RestaurantDetailIconTextCell.swift */; };
		089DB34A23ABC6BA004350C3 /* RestaurantDetailTextCell.swift in Sources */ = {isa = PBXBuildFile; fileRef = 089DB34923ABC6BA004350C3 /* RestaurantDetailTextCell.swift */; };
		08E1F5F323CC6E9300821EE2 /* ReviewViewController.swift in Sources */ = {isa = PBXBuildFile; fileRef = 08E1F5F223CC6E9300821EE2 /* ReviewViewController.swift */; };
		08F7FD16243074BF0082B6C0 /* RoundedTextField.swift in Sources */ = {isa = PBXBuildFile; fileRef = 08F7FD15243074BF0082B6C0 /* RoundedTextField.swift */; };
		08F7FD1A2430A42E0082B6C0 /* NewRestaurantController.swift in Sources */ = {isa = PBXBuildFile; fileRef = 08F7FD192430A42E0082B6C0 /* NewRestaurantController.swift */; };
		08F886FE237BA0540076F72A /* AppDelegate.swift in Sources */ = {isa = PBXBuildFile; fileRef = 08F886FD237BA0540076F72A /* AppDelegate.swift */; };
		08F88700237BA0540076F72A /* SceneDelegate.swift in Sources */ = {isa = PBXBuildFile; fileRef = 08F886FF237BA0540076F72A /* SceneDelegate.swift */; };
		08F88705237BA0540076F72A /* Main.storyboard in Resources */ = {isa = PBXBuildFile; fileRef = 08F88703237BA0540076F72A /* Main.storyboard */; };
		08F88707237BA0580076F72A /* Assets.xcassets in Resources */ = {isa = PBXBuildFile; fileRef = 08F88706237BA0580076F72A /* Assets.xcassets */; };
		08F8870A237BA0580076F72A /* LaunchScreen.storyboard in Resources */ = {isa = PBXBuildFile; fileRef = 08F88708237BA0580076F72A /* LaunchScreen.storyboard */; };
		08F88712237BA2D00076F72A /* RestaurantTableViewController.swift in Sources */ = {isa = PBXBuildFile; fileRef = 08F88711237BA2D00076F72A /* RestaurantTableViewController.swift */; };
		08F88714237BE3540076F72A /* RestaurantTableViewCell.swift in Sources */ = {isa = PBXBuildFile; fileRef = 08F88713237BE3540076F72A /* RestaurantTableViewCell.swift */; };
/* End PBXBuildFile section */

/* Begin PBXFileReference section */
		0800CFFC239101B200E9891C /* Restaurant.swift */ = {isa = PBXFileReference; lastKnownFileType = sourcecode.swift; path = Restaurant.swift; sourceTree = "<group>"; };
		080DD885238E8B3A0052CD8D /* RestaurantDetailViewController.swift */ = {isa = PBXFileReference; lastKnownFileType = sourcecode.swift; path = RestaurantDetailViewController.swift; sourceTree = "<group>"; };
		0816C7DB23BD06B300F382C2 /* MapKit.framework */ = {isa = PBXFileReference; lastKnownFileType = wrapper.framework; name = MapKit.framework; path = System/Library/Frameworks/MapKit.framework; sourceTree = SDKROOT; };
		085433D22398F17F00BD3506 /* Rubik-MediumItalic.ttf */ = {isa = PBXFileReference; lastKnownFileType = file; path = "Rubik-MediumItalic.ttf"; sourceTree = "<group>"; };
		085433D32398F17F00BD3506 /* Rubik-Bold.ttf */ = {isa = PBXFileReference; lastKnownFileType = file; path = "Rubik-Bold.ttf"; sourceTree = "<group>"; };
		085433D42398F17F00BD3506 /* Rubik-Light.ttf */ = {isa = PBXFileReference; lastKnownFileType = file; path = "Rubik-Light.ttf"; sourceTree = "<group>"; };
		085433D52398F17F00BD3506 /* Rubik-Medium.ttf */ = {isa = PBXFileReference; lastKnownFileType = file; path = "Rubik-Medium.ttf"; sourceTree = "<group>"; };
		085433D62398F17F00BD3506 /* Rubik-Black.ttf */ = {isa = PBXFileReference; lastKnownFileType = file; path = "Rubik-Black.ttf"; sourceTree = "<group>"; };
		085433D72398F17F00BD3506 /* Rubik-Italic.ttf */ = {isa = PBXFileReference; lastKnownFileType = file; path = "Rubik-Italic.ttf"; sourceTree = "<group>"; };
		085433D82398F17F00BD3506 /* Rubik-LightItalic.ttf */ = {isa = PBXFileReference; lastKnownFileType = file; path = "Rubik-LightItalic.ttf"; sourceTree = "<group>"; };
		085433D92398F17F00BD3506 /* Rubik-BlackItalic.ttf */ = {isa = PBXFileReference; lastKnownFileType = file; path = "Rubik-BlackItalic.ttf"; sourceTree = "<group>"; };
		085433DA2398F17F00BD3506 /* Rubik-Regular.ttf */ = {isa = PBXFileReference; lastKnownFileType = file; path = "Rubik-Regular.ttf"; sourceTree = "<group>"; };
		085433DB2398F17F00BD3506 /* Rubik-BoldItalic.ttf */ = {isa = PBXFileReference; lastKnownFileType = file; path = "Rubik-BoldItalic.ttf"; sourceTree = "<group>"; };
		085433E823995C9500BD3506 /* RestaurantDetailHeader.swift */ = {isa = PBXFileReference; lastKnownFileType = sourcecode.swift; path = RestaurantDetailHeader.swift; sourceTree = "<group>"; };
		0860592423B8DEBB009657C3 /* UIColor+Ext.swift */ = {isa = PBXFileReference; lastKnownFileType = sourcecode.swift; path = "UIColor+Ext.swift"; sourceTree = "<group>"; };
		0860592623B8E58E009657C3 /* UINavigationController+Ext.swift */ = {isa = PBXFileReference; lastKnownFileType = sourcecode.swift; path = "UINavigationController+Ext.swift"; sourceTree = "<group>"; };
		088EA6B623BDD4C60056874B /* RestaurantDetailSeparantorCell.swift */ = {isa = PBXFileReference; lastKnownFileType = sourcecode.swift; path = RestaurantDetailSeparantorCell.swift; sourceTree = "<group>"; };
		088EA6B823BDD7840056874B /* RestaurantDetailMapCell.swift */ = {isa = PBXFileReference; lastKnownFileType = sourcecode.swift; path = RestaurantDetailMapCell.swift; sourceTree = "<group>"; };
		088EA6BA23BF18AD0056874B /* MapViewController.swift */ = {isa = PBXFileReference; lastKnownFileType = sourcecode.swift; path = MapViewController.swift; sourceTree = "<group>"; };
		089DB34723ABC3A5004350C3 /* RestaurantDetailIconTextCell.swift */ = {isa = PBXFileReference; lastKnownFileType = sourcecode.swift; name = RestaurantDetailIconTextCell.swift; path = FoodPin/View/RestaurantDetailIconTextCell.swift; sourceTree = SOURCE_ROOT; };
		089DB34923ABC6BA004350C3 /* RestaurantDetailTextCell.swift */ = {isa = PBXFileReference; lastKnownFileType = sourcecode.swift; name = RestaurantDetailTextCell.swift; path = FoodPin/View/RestaurantDetailTextCell.swift; sourceTree = SOURCE_ROOT; };
		08E1F5F223CC6E9300821EE2 /* ReviewViewController.swift */ = {isa = PBXFileReference; lastKnownFileType = sourcecode.swift; path = ReviewViewController.swift; sourceTree = "<group>"; };
		08F7FD15243074BF0082B6C0 /* RoundedTextField.swift */ = {isa = PBXFileReference; lastKnownFileType = sourcecode.swift; path = RoundedTextField.swift; sourceTree = "<group>"; };
		08F7FD192430A42E0082B6C0 /* NewRestaurantController.swift */ = {isa = PBXFileReference; lastKnownFileType = sourcecode.swift; path = NewRestaurantController.swift; sourceTree = "<group>"; };
		08F886FA237BA0540076F72A /* FoodPin.app */ = {isa = PBXFileReference; explicitFileType = wrapper.application; includeInIndex = 0; path = FoodPin.app; sourceTree = BUILT_PRODUCTS_DIR; };
		08F886FD237BA0540076F72A /* AppDelegate.swift */ = {isa = PBXFileReference; lastKnownFileType = sourcecode.swift; path = AppDelegate.swift; sourceTree = "<group>"; };
		08F886FF237BA0540076F72A /* SceneDelegate.swift */ = {isa = PBXFileReference; lastKnownFileType = sourcecode.swift; path = SceneDelegate.swift; sourceTree = "<group>"; };
		08F88704237BA0540076F72A /* Base */ = {isa = PBXFileReference; lastKnownFileType = file.storyboard; name = Base; path = Base.lproj/Main.storyboard; sourceTree = "<group>"; };
		08F88706237BA0580076F72A /* Assets.xcassets */ = {isa = PBXFileReference; lastKnownFileType = folder.assetcatalog; path = Assets.xcassets; sourceTree = "<group>"; };
		08F88709237BA0580076F72A /* Base */ = {isa = PBXFileReference; lastKnownFileType = file.storyboard; name = Base; path = Base.lproj/LaunchScreen.storyboard; sourceTree = "<group>"; };
		08F8870B237BA0580076F72A /* Info.plist */ = {isa = PBXFileReference; lastKnownFileType = text.plist.xml; path = Info.plist; sourceTree = "<group>"; };
		08F88711237BA2D00076F72A /* RestaurantTableViewController.swift */ = {isa = PBXFileReference; lastKnownFileType = sourcecode.swift; path = RestaurantTableViewController.swift; sourceTree = "<group>"; };
		08F88713237BE3540076F72A /* RestaurantTableViewCell.swift */ = {isa = PBXFileReference; lastKnownFileType = sourcecode.swift; path = RestaurantTableViewCell.swift; sourceTree = "<group>"; };
/* End PBXFileReference section */

/* Begin PBXFrameworksBuildPhase section */
		08F886F7237BA0540076F72A /* Frameworks */ = {
			isa = PBXFrameworksBuildPhase;
			buildActionMask = 2147483647;
			files = (
				0816C7DC23BD06B300F382C2 /* MapKit.framework in Frameworks */,
			);
			runOnlyForDeploymentPostprocessing = 0;
		};
/* End PBXFrameworksBuildPhase section */

/* Begin PBXGroup section */
		0816C7DA23BD06B300F382C2 /* Frameworks */ = {
			isa = PBXGroup;
			children = (
				0816C7DB23BD06B300F382C2 /* MapKit.framework */,
			);
			name = Frameworks;
			sourceTree = "<group>";
		};
		0854333A23975F1200BD3506 /* View */ = {
			isa = PBXGroup;
			children = (
				08F88713237BE3540076F72A /* RestaurantTableViewCell.swift */,
				085433E823995C9500BD3506 /* RestaurantDetailHeader.swift */,
				089DB34723ABC3A5004350C3 /* RestaurantDetailIconTextCell.swift */,
				089DB34923ABC6BA004350C3 /* RestaurantDetailTextCell.swift */,
				088EA6B623BDD4C60056874B /* RestaurantDetailSeparantorCell.swift */,
				088EA6B823BDD7840056874B /* RestaurantDetailMapCell.swift */,
				08F7FD15243074BF0082B6C0 /* RoundedTextField.swift */,
			);
			path = View;
			sourceTree = "<group>";
		};
		0854333B23975F4E00BD3506 /* Model */ = {
			isa = PBXGroup;
			children = (
				0800CFFC239101B200E9891C /* Restaurant.swift */,
			);
			path = Model;
			sourceTree = "<group>";
		};
		0854333C23975F6000BD3506 /* Controller */ = {
			isa = PBXGroup;
			children = (
				08F88711237BA2D00076F72A /* RestaurantTableViewController.swift */,
				080DD885238E8B3A0052CD8D /* RestaurantDetailViewController.swift */,
				088EA6BA23BF18AD0056874B /* MapViewController.swift */,
				08E1F5F223CC6E9300821EE2 /* ReviewViewController.swift */,
				08F7FD192430A42E0082B6C0 /* NewRestaurantController.swift */,
			);
			path = Controller;
			sourceTree = "<group>";
		};
		0854333D23975F8900BD3506 /* Storyboard */ = {
			isa = PBXGroup;
			children = (
				08F88703237BA0540076F72A /* Main.storyboard */,
				08F88708237BA0580076F72A /* LaunchScreen.storyboard */,
			);
			path = Storyboard;
			sourceTree = "<group>";
		};
		0854333E2398DA6600BD3506 /* Resource */ = {
			isa = PBXGroup;
			children = (
				0854333F2398DA7500BD3506 /* Fonts */,
			);
			path = Resource;
			sourceTree = "<group>";
		};
		0854333F2398DA7500BD3506 /* Fonts */ = {
			isa = PBXGroup;
			children = (
				085433D12398F17F00BD3506 /* Rubik */,
			);
			path = Fonts;
			sourceTree = "<group>";
		};
		085433D12398F17F00BD3506 /* Rubik */ = {
			isa = PBXGroup;
			children = (
				085433D22398F17F00BD3506 /* Rubik-MediumItalic.ttf */,
				085433D32398F17F00BD3506 /* Rubik-Bold.ttf */,
				085433D42398F17F00BD3506 /* Rubik-Light.ttf */,
				085433D52398F17F00BD3506 /* Rubik-Medium.ttf */,
				085433D62398F17F00BD3506 /* Rubik-Black.ttf */,
				085433D72398F17F00BD3506 /* Rubik-Italic.ttf */,
				085433D82398F17F00BD3506 /* Rubik-LightItalic.ttf */,
				085433D92398F17F00BD3506 /* Rubik-BlackItalic.ttf */,
				085433DA2398F17F00BD3506 /* Rubik-Regular.ttf */,
				085433DB2398F17F00BD3506 /* Rubik-BoldItalic.ttf */,
			);
			path = Rubik;
			sourceTree = "<group>";
		};
		0860592323B8DDC2009657C3 /* Extensions */ = {
			isa = PBXGroup;
			children = (
				0860592423B8DEBB009657C3 /* UIColor+Ext.swift */,
				0860592623B8E58E009657C3 /* UINavigationController+Ext.swift */,
			);
			path = Extensions;
			sourceTree = "<group>";
		};
		08F886F1237BA0540076F72A = {
			isa = PBXGroup;
			children = (
				08F886FC237BA0540076F72A /* FoodPin */,
				08F886FB237BA0540076F72A /* Products */,
				0816C7DA23BD06B300F382C2 /* Frameworks */,
			);
			sourceTree = "<group>";
		};
		08F886FB237BA0540076F72A /* Products */ = {
			isa = PBXGroup;
			children = (
				08F886FA237BA0540076F72A /* FoodPin.app */,
			);
			name = Products;
			sourceTree = "<group>";
		};
		08F886FC237BA0540076F72A /* FoodPin */ = {
			isa = PBXGroup;
			children = (
				0854333E2398DA6600BD3506 /* Resource */,
				0854333A23975F1200BD3506 /* View */,
				0854333B23975F4E00BD3506 /* Model */,
				0854333D23975F8900BD3506 /* Storyboard */,
				0854333C23975F6000BD3506 /* Controller */,
				0860592323B8DDC2009657C3 /* Extensions */,
				08F886FD237BA0540076F72A /* AppDelegate.swift */,
				08F886FF237BA0540076F72A /* SceneDelegate.swift */,
				08F88706237BA0580076F72A /* Assets.xcassets */,
				08F8870B237BA0580076F72A /* Info.plist */,
			);
			path = FoodPin;
			sourceTree = "<group>";
		};
/* End PBXGroup section */

/* Begin PBXNativeTarget section */
		08F886F9237BA0540076F72A /* FoodPin */ = {
			isa = PBXNativeTarget;
			buildConfigurationList = 08F8870E237BA0580076F72A /* Build configuration list for PBXNativeTarget "FoodPin" */;
			buildPhases = (
				08F886F6237BA0540076F72A /* Sources */,
				08F886F7237BA0540076F72A /* Frameworks */,
				08F886F8237BA0540076F72A /* Resources */,
			);
			buildRules = (
			);
			dependencies = (
			);
			name = FoodPin;
			productName = FoodPin;
			productReference = 08F886FA237BA0540076F72A /* FoodPin.app */;
			productType = "com.apple.product-type.application";
		};
/* End PBXNativeTarget section */

/* Begin PBXProject section */
		08F886F2237BA0540076F72A /* Project object */ = {
			isa = PBXProject;
			attributes = {
				LastSwiftUpdateCheck = 1120;
				LastUpgradeCheck = 1120;
				ORGANIZATIONNAME = jia;
				TargetAttributes = {
					08F886F9237BA0540076F72A = {
						CreatedOnToolsVersion = 11.2;
					};
				};
			};
			buildConfigurationList = 08F886F5237BA0540076F72A /* Build configuration list for PBXProject "FoodPin" */;
			compatibilityVersion = "Xcode 9.3";
			developmentRegion = en;
			hasScannedForEncodings = 0;
			knownRegions = (
				en,
				Base,
			);
			mainGroup = 08F886F1237BA0540076F72A;
			productRefGroup = 08F886FB237BA0540076F72A /* Products */;
			projectDirPath = "";
			projectRoot = "";
			targets = (
				08F886F9237BA0540076F72A /* FoodPin */,
			);
		};
/* End PBXProject section */

/* Begin PBXResourcesBuildPhase section */
		08F886F8237BA0540076F72A /* Resources */ = {
			isa = PBXResourcesBuildPhase;
			buildActionMask = 2147483647;
			files = (
				08F8870A237BA0580076F72A /* LaunchScreen.storyboard in Resources */,
				085433E42398F17F00BD3506 /* Rubik-Regular.ttf in Resources */,
				085433E22398F17F00BD3506 /* Rubik-LightItalic.ttf in Resources */,
				085433DE2398F17F00BD3506 /* Rubik-Light.ttf in Resources */,
				085433E02398F17F00BD3506 /* Rubik-Black.ttf in Resources */,
				08F88707237BA0580076F72A /* Assets.xcassets in Resources */,
				085433E32398F17F00BD3506 /* Rubik-BlackItalic.ttf in Resources */,
				08F88705237BA0540076F72A /* Main.storyboard in Resources */,
				085433E12398F17F00BD3506 /* Rubik-Italic.ttf in Resources */,
				085433DC2398F17F00BD3506 /* Rubik-MediumItalic.ttf in Resources */,
				085433DD2398F17F00BD3506 /* Rubik-Bold.ttf in Resources */,
				085433E52398F17F00BD3506 /* Rubik-BoldItalic.ttf in Resources */,
				085433DF2398F17F00BD3506 /* Rubik-Medium.ttf in Resources */,
			);
			runOnlyForDeploymentPostprocessing = 0;
		};
/* End PBXResourcesBuildPhase section */

/* Begin PBXSourcesBuildPhase section */
		08F886F6237BA0540076F72A /* Sources */ = {
			isa = PBXSourcesBuildPhase;
			buildActionMask = 2147483647;
			files = (
				0860592723B8E58E009657C3 /* UINavigationController+Ext.swift in Sources */,
				08F88714237BE3540076F72A /* RestaurantTableViewCell.swift in Sources */,
				08F7FD1A2430A42E0082B6C0 /* NewRestaurantController.swift in Sources */,
				08E1F5F323CC6E9300821EE2 /* ReviewViewController.swift in Sources */,
				088EA6B723BDD4C60056874B /* RestaurantDetailSeparantorCell.swift in Sources */,
				089DB34A23ABC6BA004350C3 /* RestaurantDetailTextCell.swift in Sources */,
				08F886FE237BA0540076F72A /* AppDelegate.swift in Sources */,
				0800CFFD239101B200E9891C /* Restaurant.swift in Sources */,
				089DB34823ABC3A5004350C3 /* RestaurantDetailIconTextCell.swift in Sources */,
				080DD886238E8B3A0052CD8D /* RestaurantDetailViewController.swift in Sources */,
				088EA6B923BDD7840056874B /* RestaurantDetailMapCell.swift in Sources */,
				08F88700237BA0540076F72A /* SceneDelegate.swift in Sources */,
				08F7FD16243074BF0082B6C0 /* RoundedTextField.swift in Sources */,
				0860592523B8DEBB009657C3 /* UIColor+Ext.swift in Sources */,
				08F88712237BA2D00076F72A /* RestaurantTableViewController.swift in Sources */,
				085433E923995C9500BD3506 /* RestaurantDetailHeader.swift in Sources */,
				088EA6BB23BF18AD0056874B /* MapViewController.swift in Sources */,
			);
			runOnlyForDeploymentPostprocessing = 0;
		};
/* End PBXSourcesBuildPhase section */

/* Begin PBXVariantGroup section */
		08F88703237BA0540076F72A /* Main.storyboard */ = {
			isa = PBXVariantGroup;
			children = (
				08F88704237BA0540076F72A /* Base */,
			);
			name = Main.storyboard;
			sourceTree = "<group>";
		};
		08F88708237BA0580076F72A /* LaunchScreen.storyboard */ = {
			isa = PBXVariantGroup;
			children = (
				08F88709237BA0580076F72A /* Base */,
			);
			name = LaunchScreen.storyboard;
			sourceTree = "<group>";
		};
/* End PBXVariantGroup section */

/* Begin XCBuildConfiguration section */
		08F8870C237BA0580076F72A /* Debug */ = {
			isa = XCBuildConfiguration;
			buildSettings = {
				ALWAYS_SEARCH_USER_PATHS = NO;
				CLANG_ANALYZER_NONNULL = YES;
				CLANG_ANALYZER_NUMBER_OBJECT_CONVERSION = YES_AGGRESSIVE;
				CLANG_CXX_LANGUAGE_STANDARD = "gnu++14";
				CLANG_CXX_LIBRARY = "libc++";
				CLANG_ENABLE_MODULES = YES;
				CLANG_ENABLE_OBJC_ARC = YES;
				CLANG_ENABLE_OBJC_WEAK = YES;
				CLANG_WARN_BLOCK_CAPTURE_AUTORELEASING = YES;
				CLANG_WARN_BOOL_CONVERSION = YES;
				CLANG_WARN_COMMA = YES;
				CLANG_WARN_CONSTANT_CONVERSION = YES;
				CLANG_WARN_DEPRECATED_OBJC_IMPLEMENTATIONS = YES;
				CLANG_WARN_DIRECT_OBJC_ISA_USAGE = YES_ERROR;
				CLANG_WARN_DOCUMENTATION_COMMENTS = YES;
				CLANG_WARN_EMPTY_BODY = YES;
				CLANG_WARN_ENUM_CONVERSION = YES;
				CLANG_WARN_INFINITE_RECURSION = YES;
				CLANG_WARN_INT_CONVERSION = YES;
				CLANG_WARN_NON_LITERAL_NULL_CONVERSION = YES;
				CLANG_WARN_OBJC_IMPLICIT_RETAIN_SELF = YES;
				CLANG_WARN_OBJC_LITERAL_CONVERSION = YES;
				CLANG_WARN_OBJC_ROOT_CLASS = YES_ERROR;
				CLANG_WARN_RANGE_LOOP_ANALYSIS = YES;
				CLANG_WARN_STRICT_PROTOTYPES = YES;
				CLANG_WARN_SUSPICIOUS_MOVE = YES;
				CLANG_WARN_UNGUARDED_AVAILABILITY = YES_AGGRESSIVE;
				CLANG_WARN_UNREACHABLE_CODE = YES;
				CLANG_WARN__DUPLICATE_METHOD_MATCH = YES;
				COPY_PHASE_STRIP = NO;
				DEBUG_INFORMATION_FORMAT = dwarf;
				ENABLE_STRICT_OBJC_MSGSEND = YES;
				ENABLE_TESTABILITY = YES;
				GCC_C_LANGUAGE_STANDARD = gnu11;
				GCC_DYNAMIC_NO_PIC = NO;
				GCC_NO_COMMON_BLOCKS = YES;
				GCC_OPTIMIZATION_LEVEL = 0;
				GCC_PREPROCESSOR_DEFINITIONS = (
					"DEBUG=1",
					"$(inherited)",
				);
				GCC_WARN_64_TO_32_BIT_CONVERSION = YES;
				GCC_WARN_ABOUT_RETURN_TYPE = YES_ERROR;
				GCC_WARN_UNDECLARED_SELECTOR = YES;
				GCC_WARN_UNINITIALIZED_AUTOS = YES_AGGRESSIVE;
				GCC_WARN_UNUSED_FUNCTION = YES;
				GCC_WARN_UNUSED_VARIABLE = YES;
				IPHONEOS_DEPLOYMENT_TARGET = 13.2;
				MTL_ENABLE_DEBUG_INFO = INCLUDE_SOURCE;
				MTL_FAST_MATH = YES;
				ONLY_ACTIVE_ARCH = YES;
				SDKROOT = iphoneos;
				SWIFT_ACTIVE_COMPILATION_CONDITIONS = DEBUG;
				SWIFT_OPTIMIZATION_LEVEL = "-Onone";
			};
			name = Debug;
		};
		08F8870D237BA0580076F72A /* Release */ = {
			isa = XCBuildConfiguration;
			buildSettings = {
				ALWAYS_SEARCH_USER_PATHS = NO;
				CLANG_ANALYZER_NONNULL = YES;
				CLANG_ANALYZER_NUMBER_OBJECT_CONVERSION = YES_AGGRESSIVE;
				CLANG_CXX_LANGUAGE_STANDARD = "gnu++14";
				CLANG_CXX_LIBRARY = "libc++";
				CLANG_ENABLE_MODULES = YES;
				CLANG_ENABLE_OBJC_ARC = YES;
				CLANG_ENABLE_OBJC_WEAK = YES;
				CLANG_WARN_BLOCK_CAPTURE_AUTORELEASING = YES;
				CLANG_WARN_BOOL_CONVERSION = YES;
				CLANG_WARN_COMMA = YES;
				CLANG_WARN_CONSTANT_CONVERSION = YES;
				CLANG_WARN_DEPRECATED_OBJC_IMPLEMENTATIONS = YES;
				CLANG_WARN_DIRECT_OBJC_ISA_USAGE = YES_ERROR;
				CLANG_WARN_DOCUMENTATION_COMMENTS = YES;
				CLANG_WARN_EMPTY_BODY = YES;
				CLANG_WARN_ENUM_CONVERSION = YES;
				CLANG_WARN_INFINITE_RECURSION = YES;
				CLANG_WARN_INT_CONVERSION = YES;
				CLANG_WARN_NON_LITERAL_NULL_CONVERSION = YES;
				CLANG_WARN_OBJC_IMPLICIT_RETAIN_SELF = YES;
				CLANG_WARN_OBJC_LITERAL_CONVERSION = YES;
				CLANG_WARN_OBJC_ROOT_CLASS = YES_ERROR;
				CLANG_WARN_RANGE_LOOP_ANALYSIS = YES;
				CLANG_WARN_STRICT_PROTOTYPES = YES;
				CLANG_WARN_SUSPICIOUS_MOVE = YES;
				CLANG_WARN_UNGUARDED_AVAILABILITY = YES_AGGRESSIVE;
				CLANG_WARN_UNREACHABLE_CODE = YES;
				CLANG_WARN__DUPLICATE_METHOD_MATCH = YES;
				COPY_PHASE_STRIP = NO;
				DEBUG_INFORMATION_FORMAT = "dwarf-with-dsym";
				ENABLE_NS_ASSERTIONS = NO;
				ENABLE_STRICT_OBJC_MSGSEND = YES;
				GCC_C_LANGUAGE_STANDARD = gnu11;
				GCC_NO_COMMON_BLOCKS = YES;
				GCC_WARN_64_TO_32_BIT_CONVERSION = YES;
				GCC_WARN_ABOUT_RETURN_TYPE = YES_ERROR;
				GCC_WARN_UNDECLARED_SELECTOR = YES;
				GCC_WARN_UNINITIALIZED_AUTOS = YES_AGGRESSIVE;
				GCC_WARN_UNUSED_FUNCTION = YES;
				GCC_WARN_UNUSED_VARIABLE = YES;
				IPHONEOS_DEPLOYMENT_TARGET = 13.2;
				MTL_ENABLE_DEBUG_INFO = NO;
				MTL_FAST_MATH = YES;
				SDKROOT = iphoneos;
				SWIFT_COMPILATION_MODE = wholemodule;
				SWIFT_OPTIMIZATION_LEVEL = "-O";
				VALIDATE_PRODUCT = YES;
			};
			name = Release;
		};
		08F8870F237BA0580076F72A /* Debug */ = {
			isa = XCBuildConfiguration;
			buildSettings = {
				ASSETCATALOG_COMPILER_APPICON_NAME = AppIcon;
				CODE_SIGN_STYLE = Automatic;
				DEVELOPMENT_TEAM = 5TH5CTV453;
				INFOPLIST_FILE = FoodPin/Info.plist;
				LD_RUNPATH_SEARCH_PATHS = (
					"$(inherited)",
					"@executable_path/Frameworks",
				);
				PRODUCT_BUNDLE_IDENTIFIER = com.jia.FoodPin;
				PRODUCT_NAME = "$(TARGET_NAME)";
				SWIFT_VERSION = 5.0;
				TARGETED_DEVICE_FAMILY = "1,2";
			};
			name = Debug;
		};
		08F88710237BA0580076F72A /* Release */ = {
			isa = XCBuildConfiguration;
			buildSettings = {
				ASSETCATALOG_COMPILER_APPICON_NAME = AppIcon;
				CODE_SIGN_STYLE = Automatic;
				DEVELOPMENT_TEAM = 5TH5CTV453;
				INFOPLIST_FILE = FoodPin/Info.plist;
				LD_RUNPATH_SEARCH_PATHS = (
					"$(inherited)",
					"@executable_path/Frameworks",
				);
				PRODUCT_BUNDLE_IDENTIFIER = com.jia.FoodPin;
				PRODUCT_NAME = "$(TARGET_NAME)";
				SWIFT_VERSION = 5.0;
				TARGETED_DEVICE_FAMILY = "1,2";
			};
			name = Release;
		};
/* End XCBuildConfiguration section */

/* Begin XCConfigurationList section */
		08F886F5237BA0540076F72A /* Build configuration list for PBXProject "FoodPin" */ = {
			isa = XCConfigurationList;
			buildConfigurations = (
				08F8870C237BA0580076F72A /* Debug */,
				08F8870D237BA0580076F72A /* Release */,
			);
			defaultConfigurationIsVisible = 0;
			defaultConfigurationName = Release;
		};
		08F8870E237BA0580076F72A /* Build configuration list for PBXNativeTarget "FoodPin" */ = {
			isa = XCConfigurationList;
			buildConfigurations = (
				08F8870F237BA0580076F72A /* Debug */,
				08F88710237BA0580076F72A /* Release */,
			);
			defaultConfigurationIsVisible = 0;
			defaultConfigurationName = Release;
		};
/* End XCConfigurationList section */
	};
	rootObject = 08F886F2237BA0540076F72A /* Project object */;
}
